
Microsoft Visual Studio Solution File, Format Version 12.00
# Visual Studio Version 17
VisualStudioVersion = 17.4.33103.184
MinimumVisualStudioVersion = 10.0.40219.1
Project("{FAE04EC0-301F-11D3-BF4B-00C04F79EFBC}") = "CalaculaterAssinment", "CalaculaterAssinment\CalaculaterAssinment.csproj", "{4A37CD92-F147-40DD-8BC8-9C9D0142BAD8}"
EndProject
Global
	GlobalSection(SolutionConfigurationPlatforms) = preSolution
		Debug|Any CPU = Debug|Any CPU
		Release|Any CPU = Release|Any CPU
	EndGlobalSection
	GlobalSection(ProjectConfigurationPlatforms) = postSolution
		{4A37CD92-F147-40DD-8BC8-9C9D0142BAD8}.Debug|Any CPU.ActiveCfg = Debug|Any CPU
		{4A37CD92-F147-40DD-8BC8-9C9D0142BAD8}.Debug|Any CPU.Build.0 = Debug|Any CPU
		{4A37CD92-F147-40DD-8BC8-9C9D0142BAD8}.Release|Any CPU.ActiveCfg = Release|Any CPU
		{4A37CD92-F147-40DD-8BC8-9C9D0142BAD8}.Release|Any CPU.Build.0 = Release|Any CPU
	EndGlobalSection
	GlobalSection(SolutionProperties) = preSolution
		HideSolutionNode = FALSE
	EndGlobalSection
	GlobalSection(ExtensibilityGlobals) = postSolution
		SolutionGuid = {28EEF0CA-5E41-46DF-85FF-40DFF8F8912C}
	EndGlobalSection
EndGlobal
